
Microsoft Visual Studio Solution File, Format Version 12.00
# Visual Studio Version 16
VisualStudioVersion = 16.0.30804.86
MinimumVisualStudioVersion = 10.0.40219.1
Project("{FAE04EC0-301F-11D3-BF4B-00C04F79EFBC}") = "Programme_Fichiers", "Programme_Fichiers\Programme_Fichiers.csproj", "{D26EE48B-156C-4ED3-B057-B4D37D2D2225}"
EndProject
Global
	GlobalSection(SolutionConfigurationPlatforms) = preSolution
		Debug|Any CPU = Debug|Any CPU
		Release|Any CPU = Release|Any CPU
	EndGlobalSection
	GlobalSection(ProjectConfigurationPlatforms) = postSolution
		{D26EE48B-156C-4ED3-B057-B4D37D2D2225}.Debug|Any CPU.ActiveCfg = Debug|Any CPU
		{D26EE48B-156C-4ED3-B057-B4D37D2D2225}.Debug|Any CPU.Build.0 = Debug|Any CPU
		{D26EE48B-156C-4ED3-B057-B4D37D2D2225}.Release|Any CPU.ActiveCfg = Release|Any CPU
		{D26EE48B-156C-4ED3-B057-B4D37D2D2225}.Release|Any CPU.Build.0 = Release|Any CPU
	EndGlobalSection
	GlobalSection(SolutionProperties) = preSolution
		HideSolutionNode = FALSE
	EndGlobalSection
	GlobalSection(ExtensibilityGlobals) = postSolution
		SolutionGuid = {904A334A-E193-49BB-AD14-B878638D939F}
	EndGlobalSection
EndGlobal
